
Microsoft Visual Studio Solution File, Format Version 12.00
# Visual Studio Version 16
VisualStudioVersion = 16.0.32602.291
MinimumVisualStudioVersion = 10.0.40219.1
Project("{D2ABAB84-BF74-430A-B69E-9DC6D40DDA17}") = "CUBONUEVO", "CUBONUEVO.dwproj", "{4E232B24-6332-4468-955C-7B524AD8BBC3}"
EndProject
Global
	GlobalSection(SolutionConfigurationPlatforms) = preSolution
		Development|Default = Development|Default
	EndGlobalSection
	GlobalSection(ProjectConfigurationPlatforms) = postSolution
		{4E232B24-6332-4468-955C-7B524AD8BBC3}.Development|Default.ActiveCfg = Development
		{4E232B24-6332-4468-955C-7B524AD8BBC3}.Development|Default.Build.0 = Development
		{4E232B24-6332-4468-955C-7B524AD8BBC3}.Development|Default.Deploy.0 = Development
	EndGlobalSection
	GlobalSection(SolutionProperties) = preSolution
		HideSolutionNode = FALSE
	EndGlobalSection
	GlobalSection(ExtensibilityGlobals) = postSolution
		SolutionGuid = {7CB1D8E3-40EB-4D58-9B13-1F9A079A443E}
	EndGlobalSection
EndGlobal
